github.com/Nomadcxx/sysc-launch v0.1.0 h1:SOHFtzq0pn3HREA1MVI6uxaCT7W21nuhgG4xL6dhGlM=
github.com/Nomadcxx/sysc-launch v0.1.0/go.mod h1:h6MRp4JrFbkPX2oJ230IWEZtsk50ahDOjW6TNmaBf80=
github.com/Nomadcxx/sysc-metrics v0.2.0 h1:8+qbOUU4IDtSW08Z6smvfHwvojsbaV+kemrs9t/Zhzc=
github.com/Nomadcxx/sysc-metrics v0.2.0/go.mod h1:qIgYyJuuD0Ql7wlh3cN0kiHsSG/LEMczrq+vXA7rIQs=
github.com/Nomadcxx/sysc-notify v0.1.0-rc.2 h1:NP8bIcBm60Kcpiw5pHR82P2onHN6o3FbqmipxVdpCL4=
github.com/Nomadcxx/sysc-notify v0.1.0-rc.2/go.mod h1:ZZlN0ZktmQ15uWf1VaVZ8vXFLe708R1u85dIaag7gtM=
github.com/Nomadcxx/sysc-tray v0.1.0-rc.1 h1:bhz3RNCBIA+v76A+q2tlg2iNaoFSSqMWLR8lz0ubc/o=
github.com/Nomadcxx/sysc-tray v0.1.0-rc.1/go.mod h1:bXMEvkMvsvkqNXQsNrP3hZeHVq/4AVEeQhL19KdMLos=
github.com/Nomadcxx/sysc-wayland v0.2.1 h1:F/TIN6p9SnEaqFByBk5DR5eYpj5QwNprWTCnjIpqiMo=
github.com/Nomadcxx/sysc-wayland v0.2.1/go.mod h1:ZNAe41EM7R5G2KA55jqMPotAvrjVWcMq21BV69gROKA=
github.com/adrg/xdg v0.5.3 h1:xRnxJXne7+oWDatRhR1JLnvuccuIeCoBu2rtuLqQB78=
github.com/adrg/xdg v0.5.3/go.mod h1:nlTsY+NNiCBGCK2tpm09vRqfVzrc2fLmXGpBLF0zlTQ=
github.com/davecgh/go-spew v1.1.1 h1:vj9j/u1bqnvCEfJOwUhtlOARqs3+rkHYY13jYWTU97c=
github.com/davecgh/go-spew v1.1.1/go.mod h1:J7Y8YcW2NihsgmVo/mv3lAwl/skON4iLHjSsI+c5H38=
github.com/go-freedesktop/desktopentry v0.1.0 h1:1cvTNXo63J5sFx8Ch18e1Dzw8BWUY7wr4OzJKCf7Cac=
github.com/go-freedesktop/desktopentry v0.1.0/go.mod h1:iw5+/k0LMY2pvYYD3euvkjG/cUUZa37HEzLiTjaxqQE=
github.com/go-text/typesetting v0.3.5-0.20260729084153-ddb7ff96ad4d h1:eBCCzHDJ79YDC3G7fnGuBbA/o+aEl0hSgRZYVbKzYsk=
github.com/go-text/typesetting v0.3.5-0.20260729084153-ddb7ff96ad4d/go.mod h1:XZO1hD+nQVyvVa5IicQk7FsCa4PFQaJ2soWAP1f//68=
github.com/go-text/typesetting-utils v0.0.0-20260419141703-4ffe8874dabc h1:8FGo2It5K75XkavhTiCKExUfVaVDS1feBnLCru5qeoY=
github.com/go-text/typesetting-utils v0.0.0-20260419141703-4ffe8874dabc/go.mod h1:3/62I4La/HBRX9TcTpBj4eipLiwzf+vhI+7whTc9V7o=
github.com/junegunn/fzf v0.74.3 h1:ruZVbGC4jMzdYAy9EdC6irM9YU8aRNTByL6b5K4/Tpk=
github.com/junegunn/fzf v0.74.3/go.mod h1:TBRY54j3mGjAm4JcpDyiUIuDq38QlHvAzrB3GLKxQXM=
github.com/junegunn/go-shellwords v0.0.0-20250127100254-2aa3b3277741 h1:7dYDtfMDfKzjT+DVfIS4iqknSEKtZpEcXtu6vuaasHs=
github.com/junegunn/go-shellwords v0.0.0-20250127100254-2aa3b3277741/go.mod h1:6EILKtGpo5t+KLb85LNZLAF6P9LKp78hJI80PXMcn3c=
github.com/mattn/go-isatty v0.0.24 h1:tGZZoVgT/KiqK1c8ocVLeDS8BSWMRd47J3Lbz7vsReI=
github.com/mattn/go-isatty v0.0.24/go.mod h1:nMCL3Zebbrt45jsMDgnfIwz6ydEQApk5oEI3HqDio6A=
github.com/pmezard/go-difflib v1.0.0 h1:4DBwDE0NGyQoBHbLQYPwSUPoCMWR5BEzIk/f1lZbAQM=
github.com/pmezard/go-difflib v1.0.0/go.mod h1:iKH77koFhYxTK1pcRnkKkqfTogsbg7gZNVY4sRDYZ/4=
github.com/rivo/uniseg v0.4.7 h1:WUdvkW8uEhrYfLC4ZzdpI2ztxP1I582+49Oc5Mq64VQ=
github.com/rivo/uniseg v0.4.7/go.mod h1:FN3SvrM+Zdj16jyLfmOkMNblXMcoc8DfTHruCPUcx88=
github.com/rkoesters/xdg v0.0.1 h1:RmfYxghVvIsb4d51u5LtNOcwqY5r3P44u6o86qqvBMA=
github.com/rkoesters/xdg v0.0.1/go.mod h1:5DcbjvJkY00fIOKkaBnylbC/rmc1NNJP5dmUcnlcm7U=
github.com/stretchr/testify v1.9.0 h1:HtqpIVDClZ4nwg75+f6Lvsy/wHu+3BoSGCbBAcpTsTg=
github.com/stretchr/testify v1.9.0/go.mod h1:r2ic/lqez/lEtzL7wO/rwa5dbSLXVDPFyf8C91i36aY=
golang.org/x/image v0.44.0 h1:+tDekMZED9+LrtB3G5xzRggpVh9CARjZqROla3R3R+I=
golang.org/x/image v0.44.0/go.mod h1:V8K3KE9KKKE+pLpQDOeN18w9oacNSvy1tDOirTu4xtY=
golang.org/x/sys v0.47.0 h1:o7XGOvZQCADBQQ4Y7VNq2dRWQR7JmOUW8Kxx4ZsNgWs=
golang.org/x/sys v0.47.0/go.mod h1:4GL1E5IUh+htKOUEOaiffhrAeqysfVGipDYzABqnCmw=
gopkg.in/yaml.v3 v3.0.1 h1:fxVm/GzAzEWqLHuvctI91KS9hhNmmWOoWu0XTYJS7CA=
gopkg.in/yaml.v3 v3.0.1/go.mod h1:K4uyk7z7BCEPqu6E+C64Yfv1cQ7kz7rIZviUmN+EgEM=
